
Microsoft Visual Studio Solution File, Format Version 12.00
# Visual Studio Version 17
VisualStudioVersion = 17.8.34511.84
MinimumVisualStudioVersion = 10.0.40219.1
Project("{9A19103F-16F7-4668-BE54-9A1E7A4F7556}") = "Dauntless_Finder_v2.App", "Dauntless-Finder-v2\Dauntless_Finder_v2.App.csproj", "{C1F34B18-D5A0-4D3E-B512-F1ACD2C85907}"
	ProjectSection(ProjectDependencies) = postProject
		{554947AF-FA79-4BDC-ADB7-C65A4C7A46D1} = {554947AF-FA79-4BDC-ADB7-C65A4C7A46D1}
	EndProjectSection
EndProject
Project("{9A19103F-16F7-4668-BE54-9A1E7A4F7556}") = "Dauntless_Finder_v2.DataHandler", "Dauntless-Finder-v2.Data\Dauntless_Finder_v2.DataHandler.csproj", "{CAF15D55-EA5D-4D2D-BF57-42969594F672}"
	ProjectSection(ProjectDependencies) = postProject
		{554947AF-FA79-4BDC-ADB7-C65A4C7A46D1} = {554947AF-FA79-4BDC-ADB7-C65A4C7A46D1}
	EndProjectSection
EndProject
Project("{9A19103F-16F7-4668-BE54-9A1E7A4F7556}") = "Dauntless_Finder_v2.Shared", "Dauntless-Finder-v2.Shared\Dauntless_Finder_v2.Shared.csproj", "{554947AF-FA79-4BDC-ADB7-C65A4C7A46D1}"
EndProject
Project("{9A19103F-16F7-4668-BE54-9A1E7A4F7556}") = "Dauntless_Finder_v2.Test", "Dauntless-Finder-v2.Test\Dauntless-Finder-v2.Test.csproj", "{6B862B2C-91CD-431E-BE1D-2CFD0255DE17}"
	ProjectSection(ProjectDependencies) = postProject
		{554947AF-FA79-4BDC-ADB7-C65A4C7A46D1} = {554947AF-FA79-4BDC-ADB7-C65A4C7A46D1}
		{C1F34B18-D5A0-4D3E-B512-F1ACD2C85907} = {C1F34B18-D5A0-4D3E-B512-F1ACD2C85907}
		{CAF15D55-EA5D-4D2D-BF57-42969594F672} = {CAF15D55-EA5D-4D2D-BF57-42969594F672}
	EndProjectSection
EndProject
Global
	GlobalSection(SolutionConfigurationPlatforms) = preSolution
		Debug|Any CPU = Debug|Any CPU
		Release|Any CPU = Release|Any CPU
	EndGlobalSection
	GlobalSection(ProjectConfigurationPlatforms) = postSolution
		{C1F34B18-D5A0-4D3E-B512-F1ACD2C85907}.Debug|Any CPU.ActiveCfg = Debug|Any CPU
		{C1F34B18-D5A0-4D3E-B512-F1ACD2C85907}.Debug|Any CPU.Build.0 = Debug|Any CPU
		{C1F34B18-D5A0-4D3E-B512-F1ACD2C85907}.Release|Any CPU.ActiveCfg = Release|Any CPU
		{C1F34B18-D5A0-4D3E-B512-F1ACD2C85907}.Release|Any CPU.Build.0 = Release|Any CPU
		{CAF15D55-EA5D-4D2D-BF57-42969594F672}.Debug|Any CPU.ActiveCfg = Debug|Any CPU
		{CAF15D55-EA5D-4D2D-BF57-42969594F672}.Debug|Any CPU.Build.0 = Debug|Any CPU
		{CAF15D55-EA5D-4D2D-BF57-42969594F672}.Release|Any CPU.ActiveCfg = Release|Any CPU
		{CAF15D55-EA5D-4D2D-BF57-42969594F672}.Release|Any CPU.Build.0 = Release|Any CPU
		{554947AF-FA79-4BDC-ADB7-C65A4C7A46D1}.Debug|Any CPU.ActiveCfg = Debug|Any CPU
		{554947AF-FA79-4BDC-ADB7-C65A4C7A46D1}.Debug|Any CPU.Build.0 = Debug|Any CPU
		{554947AF-FA79-4BDC-ADB7-C65A4C7A46D1}.Release|Any CPU.ActiveCfg = Release|Any CPU
		{554947AF-FA79-4BDC-ADB7-C65A4C7A46D1}.Release|Any CPU.Build.0 = Release|Any CPU
		{6B862B2C-91CD-431E-BE1D-2CFD0255DE17}.Debug|Any CPU.ActiveCfg = Debug|Any CPU
		{6B862B2C-91CD-431E-BE1D-2CFD0255DE17}.Debug|Any CPU.Build.0 = Debug|Any CPU
		{6B862B2C-91CD-431E-BE1D-2CFD0255DE17}.Release|Any CPU.ActiveCfg = Release|Any CPU
		{6B862B2C-91CD-431E-BE1D-2CFD0255DE17}.Release|Any CPU.Build.0 = Release|Any CPU
	EndGlobalSection
	GlobalSection(SolutionProperties) = preSolution
		HideSolutionNode = FALSE
	EndGlobalSection
	GlobalSection(ExtensibilityGlobals) = postSolution
		SolutionGuid = {C9F24B16-1831-49EE-BFD7-1BB74C0B6745}
	EndGlobalSection
EndGlobal
